
Microsoft Visual Studio Solution File, Format Version 12.00
# Visual Studio 15
VisualStudioVersion = 15.0.27428.2027
MinimumVisualStudioVersion = 10.0.40219.1
Project("{F184B08F-C81C-45F6-A57F-5ABD9991F28F}") = "Variables_operaciones", "Variables_operaciones\Variables_operaciones.vbproj", "{1658C6EA-70E9-409D-9D2C-CF0EDABC2A66}"
EndProject
Global
	GlobalSection(SolutionConfigurationPlatforms) = preSolution
		Debug|Any CPU = Debug|Any CPU
		Release|Any CPU = Release|Any CPU
	EndGlobalSection
	GlobalSection(ProjectConfigurationPlatforms) = postSolution
		{1658C6EA-70E9-409D-9D2C-CF0EDABC2A66}.Debug|Any CPU.ActiveCfg = Debug|Any CPU
		{1658C6EA-70E9-409D-9D2C-CF0EDABC2A66}.Debug|Any CPU.Build.0 = Debug|Any CPU
		{1658C6EA-70E9-409D-9D2C-CF0EDABC2A66}.Release|Any CPU.ActiveCfg = Release|Any CPU
		{1658C6EA-70E9-409D-9D2C-CF0EDABC2A66}.Release|Any CPU.Build.0 = Release|Any CPU
	EndGlobalSection
	GlobalSection(SolutionProperties) = preSolution
		HideSolutionNode = FALSE
	EndGlobalSection
	GlobalSection(ExtensibilityGlobals) = postSolution
		SolutionGuid = {87974940-1802-4506-8192-470554F7750C}
	EndGlobalSection
EndGlobal
